
Microsoft Visual Studio Solution File, Format Version 12.00
# Visual Studio 15
VisualStudioVersion = 15.0.27130.2036
MinimumVisualStudioVersion = 10.0.40219.1
Project("{9A19103F-16F7-4668-BE54-9A1E7A4F7556}") = "Jellyfin.Plugin.PlaybackReporting", "Jellyfin.Plugin.PlaybackReporting\Jellyfin.Plugin.PlaybackReporting.csproj", "{46521AAF-B2F0-4054-8514-F619CA3EB3E4}"
EndProject
Global
	GlobalSection(SolutionConfigurationPlatforms) = preSolution
		Debug|Any CPU = Debug|Any CPU
		Release|Any CPU = Release|Any CPU
	EndGlobalSection
	GlobalSection(ProjectConfigurationPlatforms) = postSolution
		{46521AAF-B2F0-4054-8514-F619CA3EB3E4}.Debug|Any CPU.ActiveCfg = Debug|Any CPU
		{46521AAF-B2F0-4054-8514-F619CA3EB3E4}.Debug|Any CPU.Build.0 = Debug|Any CPU
		{46521AAF-B2F0-4054-8514-F619CA3EB3E4}.Release|Any CPU.ActiveCfg = Release|Any CPU
		{46521AAF-B2F0-4054-8514-F619CA3EB3E4}.Release|Any CPU.Build.0 = Release|Any CPU
	EndGlobalSection
	GlobalSection(SolutionProperties) = preSolution
		HideSolutionNode = FALSE
	EndGlobalSection
	GlobalSection(ExtensibilityGlobals) = postSolution
		SolutionGuid = {D72C9D5D-4BCA-4900-B08B-000ADEE96197}
	EndGlobalSection
EndGlobal
